// !$*UTF8*$!
{
	archiveVersion = 1;
	classes = {
	};
	objectVersion = 77;
	objects = {

/* Begin PBXContainerItemProxy section */
		4878A0B42E0FC05C0071E57F /* PBXContainerItemProxy */ = {
			isa = PBXContainerItemProxy;
			containerPortal = 4878A09E2E0FC05B0071E57F /* Project object */;
			proxyType = 1;
			remoteGlobalIDString = 4878A0A52E0FC05B0071E57F;
			remoteInfo = MyFirstApp;
		};
		4878A0BE2E0FC05C0071E57F /* PBXContainerItemProxy */ = {
			isa = PBXContainerItemProxy;
			containerPortal = 4878A09E2E0FC05B0071E57F /* Project object */;
			proxyType = 1;
			remoteGlobalIDString = 4878A0A52E0FC05B0071E57F;
			remoteInfo = MyFirstApp;
		};
/* End PBXContainerItemProxy section */

/* Begin PBXFileReference section */
		4878A0A62E0FC05B0071E57F /* Scratchy.app */ = {isa = PBXFileReference; explicitFileType = wrapper.application; includeInIndex = 0; path = Scratchy.app; sourceTree = BUILT_PRODUCTS_DIR; };
		4878A0B32E0FC05C0071E57F /* ScratchyTests.xctest */ = {isa = PBXFileReference; explicitFileType = wrapper.cfbundle; includeInIndex = 0; path = ScratchyTests.xctest; sourceTree = BUILT_PRODUCTS_DIR; };
		4878A0BD2E0FC05C0071E57F /* ScratchyUITests.xctest */ = {isa = PBXFileReference; explicitFileType = wrapper.cfbundle; includeInIndex = 0; path = ScratchyUITests.xctest; sourceTree = BUILT_PRODUCTS_DIR; };
/* End PBXFileReference section */

/* Begin PBXFileSystemSynchronizedRootGroup section */
		4878A0A82E0FC05B0071E57F /* MyFirstApp */ = {
			isa = PBXFileSystemSynchronizedRootGroup;
			path = MyFirstApp;
			sourceTree = "<group>";
		};
		4878A0B62E0FC05C0071E57F /* MyFirstAppTests */ = {
			isa = PBXFileSystemSynchronizedRootGroup;
			path = MyFirstAppTests;
			sourceTree = "<group>";
		};
		4878A0C02E0FC05C0071E57F /* MyFirstAppUITests */ = {
			isa = PBXFileSystemSynchronizedRootGroup;
			path = MyFirstAppUITests;
			sourceTree = "<group>";
		};
/* End PBXFileSystemSynchronizedRootGroup section */

/* Begin PBXFrameworksBuildPhase section */
		4878A0A32E0FC05B0071E57F /* Frameworks */ = {
			isa = PBXFrameworksBuildPhase;
			buildActionMask = 2147483647;
			files = (
			);
			runOnlyForDeploymentPostprocessing = 0;
		};
		4878A0B02E0FC05C0071E57F /* Frameworks */ = {
			isa = PBXFrameworksBuildPhase;
			buildActionMask = 2147483647;
			files = (
			);
			runOnlyForDeploymentPostprocessing = 0;
		};
		4878A0BA2E0FC05C0071E57F /* Frameworks */ = {
			isa = PBXFrameworksBuildPhase;
			buildActionMask = 2147483647;
			files = (
			);
			runOnlyForDeploymentPostprocessing = 0;
		};
/* End PBXFrameworksBuildPhase section */

/* Begin PBXGroup section */
		4878A09D2E0FC05B0071E57F = {
			isa = PBXGroup;
			children = (
				4878A0A82E0FC05B0071E57F /* MyFirstApp */,
				4878A0B62E0FC05C0071E57F /* MyFirstAppTests */,
				4878A0C02E0FC05C0071E57F /* MyFirstAppUITests */,
				4878A0A72E0FC05B0071E57F /* Products */,
			);
			sourceTree = "<group>";
		};
		4878A0A72E0FC05B0071E57F /* Products */ = {
			isa = PBXGroup;
			children = (
				4878A0A62E0FC05B0071E57F /* Scratchy.app */,
				4878A0B32E0FC05C0071E57F /* ScratchyTests.xctest */,
				4878A0BD2E0FC05C0071E57F /* ScratchyUITests.xctest */,
			);
			name = Products;
			sourceTree = "<group>";
		};
/* End PBXGroup section */

/* Begin PBXNativeTarget section */
		4878A0A52E0FC05B0071E57F /* Scratchy */ = {
			isa = PBXNativeTarget;
			buildConfigurationList = 4878A0C72E0FC05C0071E57F /* Build configuration list for PBXNativeTarget "Scratchy" */;
			buildPhases = (
				4878A0A22E0FC05B0071E57F /* Sources */,
				4878A0A32E0FC05B0071E57F /* Frameworks */,
				4878A0A42E0FC05B0071E57F /* Resources */,
			);
			buildRules = (
			);
			dependencies = (
			);
			fileSystemSynchronizedGroups = (
				4878A0A82E0FC05B0071E57F /* MyFirstApp */,
			);
			name = Scratchy;
			packageProductDependencies = (
			);
			productName = MyFirstApp;
			productReference = 4878A0A62E0FC05B0071E57F /* Scratchy.app */;
			productType = "com.apple.product-type.application";
		};
		4878A0B22E0FC05C0071E57F /* ScratchyTests */ = {
			isa = PBXNativeTarget;
			buildConfigurationList = 4878A0CA2E0FC05C0071E57F /* Build configuration list for PBXNativeTarget "ScratchyTests" */;
			buildPhases = (
				4878A0AF2E0FC05C0071E57F /* Sources */,
				4878A0B02E0FC05C0071E57F /* Frameworks */,
				4878A0B12E0FC05C0071E57F /* Resources */,
			);
			buildRules = (
			);
			dependencies = (
				4878A0B52E0FC05C0071E57F /* PBXTargetDependency */,
			);
			fileSystemSynchronizedGroups = (
				4878A0B62E0FC05C0071E57F /* MyFirstAppTests */,
			);
			name = ScratchyTests;
			packageProductDependencies = (
			);
			productName = MyFirstAppTests;
			productReference = 4878A0B32E0FC05C0071E57F /* ScratchyTests.xctest */;
			productType = "com.apple.product-type.bundle.unit-test";
		};
		4878A0BC2E0FC05C0071E57F /* ScratchyUITests */ = {
			isa = PBXNativeTarget;
			buildConfigurationList = 4878A0CD2E0FC05C0071E57F /* Build configuration list for PBXNativeTarget "ScratchyUITests" */;
			buildPhases = (
				4878A0B92E0FC05C0071E57F /* Sources */,
				4878A0BA2E0FC05C0071E57F /* Frameworks */,
				4878A0BB2E0FC05C0071E57F /* Resources */,
			);
			buildRules = (
			);
			dependencies = (
				4878A0BF2E0FC05C0071E57F /* PBXTargetDependency */,
			);
			fileSystemSynchronizedGroups = (
				4878A0C02E0FC05C0071E57F /* MyFirstAppUITests */,
			);
			name = ScratchyUITests;
			packageProductDependencies = (
			);
			productName = MyFirstAppUITests;
			productReference = 4878A0BD2E0FC05C0071E57F /* ScratchyUITests.xctest */;
			productType = "com.apple.product-type.bundle.ui-testing";
		};
/* End PBXNativeTarget section */

/* Begin PBXProject section */
		4878A09E2E0FC05B0071E57F /* Project object */ = {
			isa = PBXProject;
			attributes = {
				BuildIndependentTargetsInParallel = 1;
				LastSwiftUpdateCheck = 1640;
				LastUpgradeCheck = 1640;
				TargetAttributes = {
					4878A0A52E0FC05B0071E57F = {
						CreatedOnToolsVersion = 16.4;
					};
					4878A0B22E0FC05C0071E57F = {
						CreatedOnToolsVersion = 16.4;
						TestTargetID = 4878A0A52E0FC05B0071E57F;
					};
					4878A0BC2E0FC05C0071E57F = {
						CreatedOnToolsVersion = 16.4;
						TestTargetID = 4878A0A52E0FC05B0071E57F;
					};
				};
			};
			buildConfigurationList = 4878A0A12E0FC05B0071E57F /* Build configuration list for PBXProject "Scratchy" */;
			developmentRegion = en;
			hasScannedForEncodings = 0;
			knownRegions = (
				en,
				Base,
			);
			mainGroup = 4878A09D2E0FC05B0071E57F;
			minimizedProjectReferenceProxies = 1;
			preferredProjectObjectVersion = 77;
			productRefGroup = 4878A0A72E0FC05B0071E57F /* Products */;
			projectDirPath = "";
			projectRoot = "";
			targets = (
				4878A0A52E0FC05B0071E57F /* Scratchy */,
				4878A0B22E0FC05C0071E57F /* ScratchyTests */,
				4878A0BC2E0FC05C0071E57F /* ScratchyUITests */,
			);
		};
/* End PBXProject section */

/* Begin PBXResourcesBuildPhase section */
		4878A0A42E0FC05B0071E57F /* Resources */ = {
			isa = PBXResourcesBuildPhase;
			buildActionMask = 2147483647;
			files = (
			);
			runOnlyForDeploymentPostprocessing = 0;
		};
		4878A0B12E0FC05C0071E57F /* Resources */ = {
			isa = PBXResourcesBuildPhase;
			buildActionMask = 2147483647;
			files = (
			);
			runOnlyForDeploymentPostprocessing = 0;
		};
		4878A0BB2E0FC05C0071E57F /* Resources */ = {
			isa = PBXResourcesBuildPhase;
			buildActionMask = 2147483647;
			files = (
			);
			runOnlyForDeploymentPostprocessing = 0;
		};
/* End PBXResourcesBuildPhase section */

/* Begin PBXSourcesBuildPhase section */
		4878A0A22E0FC05B0071E57F /* Sources */ = {
			isa = PBXSourcesBuildPhase;
			buildActionMask = 2147483647;
			files = (
			);
			runOnlyForDeploymentPostprocessing = 0;
		};
		4878A0AF2E0FC05C0071E57F /* Sources */ = {
			isa = PBXSourcesBuildPhase;
			buildActionMask = 2147483647;
			files = (
			);
			runOnlyForDeploymentPostprocessing = 0;
		};
		4878A0B92E0FC05C0071E57F /* Sources */ = {
			isa = PBXSourcesBuildPhase;
			buildActionMask = 2147483647;
			files = (
			);
			runOnlyForDeploymentPostprocessing = 0;
		};
/* End PBXSourcesBuildPhase section */

/* Begin PBXTargetDependency section */
		4878A0B52E0FC05C0071E57F /* PBXTargetDependency */ = {
			isa = PBXTargetDependency;
			target = 4878A0A52E0FC05B0071E57F /* Scratchy */;
			targetProxy = 4878A0B42E0FC05C0071E57F /* PBXContainerItemProxy */;
		};
		4878A0BF2E0FC05C0071E57F /* PBXTargetDependency */ = {
			isa = PBXTargetDependency;
			target = 4878A0A52E0FC05B0071E57F /* Scratchy */;
			targetProxy = 4878A0BE2E0FC05C0071E57F /* PBXContainerItemProxy */;
		};
/* End PBXTargetDependency section */

/* Begin XCBuildConfiguration section */
		4878A0C52E0FC05C0071E57F /* Debug */ = {
			isa = XCBuildConfiguration;
			buildSettings = {
				ALWAYS_SEARCH_USER_PATHS = NO;
				ASSETCATALOG_COMPILER_GENERATE_SWIFT_ASSET_SYMBOL_EXTENSIONS = YES;
				CLANG_ANALYZER_NONNULL = YES;
				CLANG_ANALYZER_NUMBER_OBJECT_CONVERSION = YES_AGGRESSIVE;
				CLANG_CXX_LANGUAGE_STANDARD = "gnu++20";
				CLANG_ENABLE_MODULES = YES;
				CLANG_ENABLE_OBJC_ARC = YES;
				CLANG_ENABLE_OBJC_WEAK = YES;
				CLANG_WARN_BLOCK_CAPTURE_AUTORELEASING = YES;
				CLANG_WARN_BOOL_CONVERSION = YES;
				CLANG_WARN_COMMA = YES;
				CLANG_WARN_CONSTANT_CONVERSION = YES;
				CLANG_WARN_DEPRECATED_OBJC_IMPLEMENTATIONS = YES;
				CLANG_WARN_DIRECT_OBJC_ISA_USAGE = YES_ERROR;
				CLANG_WARN_DOCUMENTATION_COMMENTS = YES;
				CLANG_WARN_EMPTY_BODY = YES;
				CLANG_WARN_ENUM_CONVERSION = YES;
				CLANG_WARN_INFINITE_RECURSION = YES;
				CLANG_WARN_INT_CONVERSION = YES;
				CLANG_WARN_NON_LITERAL_NULL_CONVERSION = YES;
				CLANG_WARN_OBJC_IMPLICIT_RETAIN_SELF = YES;
				CLANG_WARN_OBJC_LITERAL_CONVERSION = YES;
				CLANG_WARN_OBJC_ROOT_CLASS = YES_ERROR;
				CLANG_WARN_QUOTED_INCLUDE_IN_FRAMEWORK_HEADER = YES;
				CLANG_WARN_RANGE_LOOP_ANALYSIS = YES;
				CLANG_WARN_STRICT_PROTOTYPES = YES;
				CLANG_WARN_SUSPICIOUS_MOVE = YES;
				CLANG_WARN_UNGUARDED_AVAILABILITY = YES_AGGRESSIVE;
				CLANG_WARN_UNREACHABLE_CODE = YES;
				CLANG_WARN__DUPLICATE_METHOD_MATCH = YES;
				COPY_PHASE_STRIP = NO;
				DEBUG_INFORMATION_FORMAT = dwarf;
				DEVELOPMENT_TEAM = 5WP3MP9NS2;
				ENABLE_STRICT_OBJC_MSGSEND = YES;
				ENABLE_TESTABILITY = YES;
				ENABLE_USER_SCRIPT_SANDBOXING = YES;
				GCC_C_LANGUAGE_STANDARD = gnu17;
				GCC_DYNAMIC_NO_PIC = NO;
				GCC_NO_COMMON_BLOCKS = YES;
				GCC_OPTIMIZATION_LEVEL = 0;
				GCC_PREPROCESSOR_DEFINITIONS = (
					"DEBUG=1",
					"$(inherited)",
				);
				GCC_WARN_64_TO_32_BIT_CONVERSION = YES;
				GCC_WARN_ABOUT_RETURN_TYPE = YES_ERROR;
				GCC_WARN_UNDECLARED_SELECTOR = YES;
				GCC_WARN_UNINITIALIZED_AUTOS = YES_AGGRESSIVE;
				GCC_WARN_UNUSED_FUNCTION = YES;
				GCC_WARN_UNUSED_VARIABLE = YES;
				IPHONEOS_DEPLOYMENT_TARGET = 18.5;
				LOCALIZATION_PREFERS_STRING_CATALOGS = YES;
				MTL_ENABLE_DEBUG_INFO = INCLUDE_SOURCE;
				MTL_FAST_MATH = YES;
				ONLY_ACTIVE_ARCH = YES;
				SDKROOT = iphoneos;
				SWIFT_ACTIVE_COMPILATION_CONDITIONS = "DEBUG $(inherited)";
				SWIFT_OPTIMIZATION_LEVEL = "-Onone";
			};
			name = Debug;
		};
		4878A0C62E0FC05C0071E57F /* Release */ = {
			isa = XCBuildConfiguration;
			buildSettings = {
				ALWAYS_SEARCH_USER_PATHS = NO;
				ASSETCATALOG_COMPILER_GENERATE_SWIFT_ASSET_SYMBOL_EXTENSIONS = YES;
				CLANG_ANALYZER_NONNULL = YES;
				CLANG_ANALYZER_NUMBER_OBJECT_CONVERSION = YES_AGGRESSIVE;
				CLANG_CXX_LANGUAGE_STANDARD = "gnu++20";
				CLANG_ENABLE_MODULES = YES;
				CLANG_ENABLE_OBJC_ARC = YES;
				CLANG_ENABLE_OBJC_WEAK = YES;
				CLANG_WARN_BLOCK_CAPTURE_AUTORELEASING = YES;
				CLANG_WARN_BOOL_CONVERSION = YES;
				CLANG_WARN_COMMA = YES;
				CLANG_WARN_CONSTANT_CONVERSION = YES;
				CLANG_WARN_DEPRECATED_OBJC_IMPLEMENTATIONS = YES;
				CLANG_WARN_DIRECT_OBJC_ISA_USAGE = YES_ERROR;
				CLANG_WARN_DOCUMENTATION_COMMENTS = YES;
				CLANG_WARN_EMPTY_BODY = YES;
				CLANG_WARN_ENUM_CONVERSION = YES;
				CLANG_WARN_INFINITE_RECURSION = YES;
				CLANG_WARN_INT_CONVERSION = YES;
				CLANG_WARN_NON_LITERAL_NULL_CONVERSION = YES;
				CLANG_WARN_OBJC_IMPLICIT_RETAIN_SELF = YES;
				CLANG_WARN_OBJC_LITERAL_CONVERSION = YES;
				CLANG_WARN_OBJC_ROOT_CLASS = YES_ERROR;
				CLANG_WARN_QUOTED_INCLUDE_IN_FRAMEWORK_HEADER = YES;
				CLANG_WARN_RANGE_LOOP_ANALYSIS = YES;
				CLANG_WARN_STRICT_PROTOTYPES = YES;
				CLANG_WARN_SUSPICIOUS_MOVE = YES;
				CLANG_WARN_UNGUARDED_AVAILABILITY = YES_AGGRESSIVE;
				CLANG_WARN_UNREACHABLE_CODE = YES;
				CLANG_WARN__DUPLICATE_METHOD_MATCH = YES;
				COPY_PHASE_STRIP = NO;
				DEBUG_INFORMATION_FORMAT = "dwarf-with-dsym";
				DEVELOPMENT_TEAM = 5WP3MP9NS2;
				ENABLE_NS_ASSERTIONS = NO;
				ENABLE_STRICT_OBJC_MSGSEND = YES;
				ENABLE_USER_SCRIPT_SANDBOXING = YES;
				GCC_C_LANGUAGE_STANDARD = gnu17;
				GCC_NO_COMMON_BLOCKS = YES;
				GCC_WARN_64_TO_32_BIT_CONVERSION = YES;
				GCC_WARN_ABOUT_RETURN_TYPE = YES_ERROR;
				GCC_WARN_UNDECLARED_SELECTOR = YES;
				GCC_WARN_UNINITIALIZED_AUTOS = YES_AGGRESSIVE;
				GCC_WARN_UNUSED_FUNCTION = YES;
				GCC_WARN_UNUSED_VARIABLE = YES;
				IPHONEOS_DEPLOYMENT_TARGET = 18.5;
				LOCALIZATION_PREFERS_STRING_CATALOGS = YES;
				MTL_ENABLE_DEBUG_INFO = NO;
				MTL_FAST_MATH = YES;
				SDKROOT = iphoneos;
				SWIFT_COMPILATION_MODE = wholemodule;
				VALIDATE_PRODUCT = YES;
			};
			name = Release;
		};
		4878A0C82E0FC05C0071E57F /* Debug */ = {
			isa = XCBuildConfiguration;
			buildSettings = {
				ASSETCATALOG_COMPILER_APPICON_NAME = AppIcon;
				ASSETCATALOG_COMPILER_GLOBAL_ACCENT_COLOR_NAME = AccentColor;
				CODE_SIGN_STYLE = Automatic;
				CURRENT_PROJECT_VERSION = 1;
				DEVELOPMENT_TEAM = 5WP3MP9NS2;
				ENABLE_PREVIEWS = YES;
				GENERATE_INFOPLIST_FILE = YES;
				INFOPLIST_KEY_CFBundleDisplayName = Scratchy;
				INFOPLIST_KEY_LSApplicationCategoryType = "public.app-category.utilities";
				INFOPLIST_KEY_UIApplicationSceneManifest_Generation = YES;
				INFOPLIST_KEY_UIApplicationSupportsIndirectInputEvents = YES;
				INFOPLIST_KEY_UILaunchScreen_Generation = YES;
				INFOPLIST_KEY_UISupportedInterfaceOrientations = UIInterfaceOrientationPortrait;
				INFOPLIST_KEY_UISupportedInterfaceOrientations_iPad = "UIInterfaceOrientationPortrait UIInterfaceOrientationPortraitUpsideDown";
				LD_RUNPATH_SEARCH_PATHS = (
					"$(inherited)",
					"@executable_path/Frameworks",
				);
				MARKETING_VERSION = 1.0;
				PRODUCT_BUNDLE_IDENTIFIER = jhyeongpark.MyFirstApp;
				PRODUCT_NAME = "$(TARGET_NAME)";
				SWIFT_EMIT_LOC_STRINGS = YES;
				SWIFT_VERSION = 5.0;
				TARGETED_DEVICE_FAMILY = "1,2";
			};
			name = Debug;
		};
		4878A0C92E0FC05C0071E57F /* Release */ = {
			isa = XCBuildConfiguration;
			buildSettings = {
				ASSETCATALOG_COMPILER_APPICON_NAME = AppIcon;
				ASSETCATALOG_COMPILER_GLOBAL_ACCENT_COLOR_NAME = AccentColor;
				CODE_SIGN_STYLE = Automatic;
				CURRENT_PROJECT_VERSION = 1;
				DEVELOPMENT_TEAM = 5WP3MP9NS2;
				ENABLE_PREVIEWS = YES;
				GENERATE_INFOPLIST_FILE = YES;
				INFOPLIST_KEY_CFBundleDisplayName = Scratchy;
				INFOPLIST_KEY_LSApplicationCategoryType = "public.app-category.utilities";
				INFOPLIST_KEY_UIApplicationSceneManifest_Generation = YES;
				INFOPLIST_KEY_UIApplicationSupportsIndirectInputEvents = YES;
				INFOPLIST_KEY_UILaunchScreen_Generation = YES;
				INFOPLIST_KEY_UISupportedInterfaceOrientations = UIInterfaceOrientationPortrait;
				INFOPLIST_KEY_UISupportedInterfaceOrientations_iPad = "UIInterfaceOrientationPortrait UIInterfaceOrientationPortraitUpsideDown";
				LD_RUNPATH_SEARCH_PATHS = (
					"$(inherited)",
					"@executable_path/Frameworks",
				);
				MARKETING_VERSION = 1.0;
				PRODUCT_BUNDLE_IDENTIFIER = jhyeongpark.MyFirstApp;
				PRODUCT_NAME = "$(TARGET_NAME)";
				SWIFT_EMIT_LOC_STRINGS = YES;
				SWIFT_VERSION = 5.0;
				TARGETED_DEVICE_FAMILY = "1,2";
			};
			name = Release;
		};
		4878A0CB2E0FC05C0071E57F /* Debug */ = {
			isa = XCBuildConfiguration;
			buildSettings = {
				BUNDLE_LOADER = "$(TEST_HOST)";
				CODE_SIGN_STYLE = Automatic;
				CURRENT_PROJECT_VERSION = 1;
				DEVELOPMENT_TEAM = 5WP3MP9NS2;
				GENERATE_INFOPLIST_FILE = YES;
				IPHONEOS_DEPLOYMENT_TARGET = 18.5;
				MARKETING_VERSION = 1.0;
				PRODUCT_BUNDLE_IDENTIFIER = jhyeongpark.MyFirstAppTests;
				PRODUCT_NAME = "$(TARGET_NAME)";
				SWIFT_EMIT_LOC_STRINGS = NO;
				SWIFT_VERSION = 5.0;
				TARGETED_DEVICE_FAMILY = "1,2";
				TEST_HOST = "$(BUILT_PRODUCTS_DIR)/Scratchy.app/$(BUNDLE_EXECUTABLE_FOLDER_PATH)/Scratchy";
			};
			name = Debug;
		};
		4878A0CC2E0FC05C0071E57F /* Release */ = {
			isa = XCBuildConfiguration;
			buildSettings = {
				BUNDLE_LOADER = "$(TEST_HOST)";
				CODE_SIGN_STYLE = Automatic;
				CURRENT_PROJECT_VERSION = 1;
				DEVELOPMENT_TEAM = 5WP3MP9NS2;
				GENERATE_INFOPLIST_FILE = YES;
				IPHONEOS_DEPLOYMENT_TARGET = 18.5;
				MARKETING_VERSION = 1.0;
				PRODUCT_BUNDLE_IDENTIFIER = jhyeongpark.MyFirstAppTests;
				PRODUCT_NAME = "$(TARGET_NAME)";
				SWIFT_EMIT_LOC_STRINGS = NO;
				SWIFT_VERSION = 5.0;
				TARGETED_DEVICE_FAMILY = "1,2";
				TEST_HOST = "$(BUILT_PRODUCTS_DIR)/Scratchy.app/$(BUNDLE_EXECUTABLE_FOLDER_PATH)/Scratchy";
			};
			name = Release;
		};
		4878A0CE2E0FC05C0071E57F /* Debug */ = {
			isa = XCBuildConfiguration;
			buildSettings = {
				CODE_SIGN_STYLE = Automatic;
				CURRENT_PROJECT_VERSION = 1;
				DEVELOPMENT_TEAM = 5WP3MP9NS2;
				GENERATE_INFOPLIST_FILE = YES;
				MARKETING_VERSION = 1.0;
				PRODUCT_BUNDLE_IDENTIFIER = jhyeongpark.MyFirstAppUITests;
				PRODUCT_NAME = "$(TARGET_NAME)";
				SWIFT_EMIT_LOC_STRINGS = NO;
				SWIFT_VERSION = 5.0;
				TARGETED_DEVICE_FAMILY = "1,2";
				TEST_TARGET_NAME = MyFirstApp;
			};
			name = Debug;
		};
		4878A0CF2E0FC05C0071E57F /* Release */ = {
			isa = XCBuildConfiguration;
			buildSettings = {
				CODE_SIGN_STYLE = Automatic;
				CURRENT_PROJECT_VERSION = 1;
				DEVELOPMENT_TEAM = 5WP3MP9NS2;
				GENERATE_INFOPLIST_FILE = YES;
				MARKETING_VERSION = 1.0;
				PRODUCT_BUNDLE_IDENTIFIER = jhyeongpark.MyFirstAppUITests;
				PRODUCT_NAME = "$(TARGET_NAME)";
				SWIFT_EMIT_LOC_STRINGS = NO;
				SWIFT_VERSION = 5.0;
				TARGETED_DEVICE_FAMILY = "1,2";
				TEST_TARGET_NAME = MyFirstApp;
			};
			name = Release;
		};
/* End XCBuildConfiguration section */

/* Begin XCConfigurationList section */
		4878A0A12E0FC05B0071E57F /* Build configuration list for PBXProject "Scratchy" */ = {
			isa = XCConfigurationList;
			buildConfigurations = (
				4878A0C52E0FC05C0071E57F /* Debug */,
				4878A0C62E0FC05C0071E57F /* Release */,
			);
			defaultConfigurationIsVisible = 0;
			defaultConfigurationName = Release;
		};
		4878A0C72E0FC05C0071E57F /* Build configuration list for PBXNativeTarget "Scratchy" */ = {
			isa = XCConfigurationList;
			buildConfigurations = (
				4878A0C82E0FC05C0071E57F /* Debug */,
				4878A0C92E0FC05C0071E57F /* Release */,
			);
			defaultConfigurationIsVisible = 0;
			defaultConfigurationName = Release;
		};
		4878A0CA2E0FC05C0071E57F /* Build configuration list for PBXNativeTarget "ScratchyTests" */ = {
			isa = XCConfigurationList;
			buildConfigurations = (
				4878A0CB2E0FC05C0071E57F /* Debug */,
				4878A0CC2E0FC05C0071E57F /* Release */,
			);
			defaultConfigurationIsVisible = 0;
			defaultConfigurationName = Release;
		};
		4878A0CD2E0FC05C0071E57F /* Build configuration list for PBXNativeTarget "ScratchyUITests" */ = {
			isa = XCConfigurationList;
			buildConfigurations = (
				4878A0CE2E0FC05C0071E57F /* Debug */,
				4878A0CF2E0FC05C0071E57F /* Release */,
			);
			defaultConfigurationIsVisible = 0;
			defaultConfigurationName = Release;
		};
/* End XCConfigurationList section */
	};
	rootObject = 4878A09E2E0FC05B0071E57F /* Project object */;
}
